
Microsoft Visual Studio Solution File, Format Version 12.00
# Visual Studio Version 16
VisualStudioVersion = 16.0.29509.3
MinimumVisualStudioVersion = 10.0.40219.1
Project("{FAE04EC0-301F-11D3-BF4B-00C04F79EFBC}") = "DigitalClock", "DigitalClock\DigitalClock.csproj", "{311C1D9B-0C3C-4CE9-B908-27F68E048E55}"
EndProject
Global
	GlobalSection(SolutionConfigurationPlatforms) = preSolution
		Debug|Any CPU = Debug|Any CPU
		Release|Any CPU = Release|Any CPU
	EndGlobalSection
	GlobalSection(ProjectConfigurationPlatforms) = postSolution
		{311C1D9B-0C3C-4CE9-B908-27F68E048E55}.Debug|Any CPU.ActiveCfg = Debug|Any CPU
		{311C1D9B-0C3C-4CE9-B908-27F68E048E55}.Debug|Any CPU.Build.0 = Debug|Any CPU
		{311C1D9B-0C3C-4CE9-B908-27F68E048E55}.Release|Any CPU.ActiveCfg = Release|Any CPU
		{311C1D9B-0C3C-4CE9-B908-27F68E048E55}.Release|Any CPU.Build.0 = Release|Any CPU
	EndGlobalSection
	GlobalSection(SolutionProperties) = preSolution
		HideSolutionNode = FALSE
	EndGlobalSection
	GlobalSection(ExtensibilityGlobals) = postSolution
		SolutionGuid = {725F1468-C18C-4C8B-9474-AC8686B44286}
	EndGlobalSection
EndGlobal
